// !$*UTF8*$!
{
	archiveVersion = 1;
	classes = {
	};
	objectVersion = 46;
	objects = {

/* Begin PBXBuildFile section */
		287D095F18C9FC3100C1CB23 /* XCTest.framework in Frameworks */ = {isa = PBXBuildFile; fileRef = 338913416EC974A80487B88B /* XCTest.framework */; };
		287D096018C9FC3100C1CB23 /* Foundation.framework in Frameworks */ = {isa = PBXBuildFile; fileRef = 33891B8A26EB611ACFD3C164 /* Foundation.framework */; };
		287D096118C9FC3100C1CB23 /* UIKit.framework in Frameworks */ = {isa = PBXBuildFile; fileRef = 33891AC79E8367BD51D78950 /* UIKit.framework */; };
		3389102E95CD8E4983EB576B /* PasswordList.m in Sources */ = {isa = PBXBuildFile; fileRef = 338918827E14C2B3ADD51437 /* PasswordList.m */; };
		33891055EFBEA217BCDEECE3 /* enable1_7.txt in Resources */ = {isa = PBXBuildFile; fileRef = 33891698ADC01CB9DF28D6E0 /* enable1_7.txt */; };
		3389107318C9123F2612737F /* JNKeychain.m in Sources */ = {isa = PBXBuildFile; fileRef = 33891FC248A97FDE6E6A973C /* JNKeychain.m */; };
		338910AAB6713CF28EDD4D0C /* QuickView.m in Sources */ = {isa = PBXBuildFile; fileRef = 338915FDCD4481983C746D48 /* QuickView.m */; };
		338910CC8B9047DCCE9A7A66 /* MFSideMenuShadow.m in Sources */ = {isa = PBXBuildFile; fileRef = 338912E734F740069E7C12A2 /* MFSideMenuShadow.m */; };
		338910EF969B64DB3B226032 /* Images.xcassets in Resources */ = {isa = PBXBuildFile; fileRef = 338917C5A7C0F68DD35809EC /* Images.xcassets */; };
		338910F000C8A8269EF3F9CE /* Localizable.strings in Resources */ = {isa = PBXBuildFile; fileRef = 3389191F481D2E1CBD2CF317 /* Localizable.strings */; };
		338911144CA4CECD56453916 /* TouchZone.m in Sources */ = {isa = PBXBuildFile; fileRef = 338915D6D4E071433B30C2BB /* TouchZone.m */; };
		3389118B581D7790831ADE51 /* TableViewController.m in Sources */ = {isa = PBXBuildFile; fileRef = 3389144A5F27276FEC77EDC2 /* TableViewController.m */; };
		3389121DC807688B364DBAA9 /* PasswordGeneratorModel.m in Sources */ = {isa = PBXBuildFile; fileRef = 3389131E3C6B8AF8A93244A8 /* PasswordGeneratorModel.m */; };
		33891223B4CAF7578AF68ED5 /* UIViewController+MFSideMenuAdditions.m in Sources */ = {isa = PBXBuildFile; fileRef = 33891FF30D7BBF61D3DB5AE0 /* UIViewController+MFSideMenuAdditions.m */; };
		33891228944453B9829865AB /* PasswordInfoItem.m in Sources */ = {isa = PBXBuildFile; fileRef = 33891157549F9C7E6084302F /* PasswordInfoItem.m */; };
		3389125EE67D6B11041FD58C /* .gitignore in Resources */ = {isa = PBXBuildFile; fileRef = 338910E827C4BEF0FC7FF5B3 /* .gitignore */; };
		3389128F9D5FFAF4CE0E7983 /* AddButton.m in Sources */ = {isa = PBXBuildFile; fileRef = 3389171FD10592BEFA634643 /* AddButton.m */; };
		338912C0F889783FDBE87414 /* InfoPlist.strings in Resources */ = {isa = PBXBuildFile; fileRef = 33891E1B743D9DEF7869899B /* InfoPlist.strings */; };
		338912F35E5BBD1C34849851 /* Foundation.framework in Frameworks */ = {isa = PBXBuildFile; fileRef = 33891B8A26EB611ACFD3C164 /* Foundation.framework */; };
		338912F40CA5560970A0EDC1 /* enable1_5.txt in Resources */ = {isa = PBXBuildFile; fileRef = 33891D63C1474509B57663C2 /* enable1_5.txt */; };
		33891321F86217C40DEC0B6C /* contents.xcworkspacedata in Resources */ = {isa = PBXBuildFile; fileRef = 338912A0850468E8368EC153 /* contents.xcworkspacedata */; };
		3389135652521D646B3DFC61 /* passwordModelTests.m in Sources */ = {isa = PBXBuildFile; fileRef = 3389137651FFB8C6B02F352F /* passwordModelTests.m */; };
		3389136BDDFA09E5CBECB417 /* enable1_4.txt in Resources */ = {isa = PBXBuildFile; fileRef = 3389111AFC0AC3F444B3AAAD /* enable1_4.txt */; };
		3389137B7BAD183DDAFFF7D7 /* UIKit.framework in Frameworks */ = {isa = PBXBuildFile; fileRef = 33891AC79E8367BD51D78950 /* UIKit.framework */; };
		338913A306AEE4A0795132A6 /* MFSideMenu.podspec in Resources */ = {isa = PBXBuildFile; fileRef = 3389104617AB580D0BA02400 /* MFSideMenu.podspec */; };
		338913ACDA814E3615C69E0A /* UIColor+AppColors.m in Sources */ = {isa = PBXBuildFile; fileRef = 33891CE08F8AB9D613A5FE3C /* UIColor+AppColors.m */; };
		338913E2D32ECFBDAD2A4831 /* XCTest.framework in Frameworks */ = {isa = PBXBuildFile; fileRef = 338913416EC974A80487B88B /* XCTest.framework */; };
		33891480D811C57AEA9C8D08 /* PasswordList.m in Sources */ = {isa = PBXBuildFile; fileRef = 338918827E14C2B3ADD51437 /* PasswordList.m */; };
		3389149B302BF6DB471526B0 /* TestPasswordStore.m in Sources */ = {isa = PBXBuildFile; fileRef = 33891DDFBD678993B54248E4 /* TestPasswordStore.m */; };
		338915217CF623FFB8CA0DC6 /* README.mdown in Resources */ = {isa = PBXBuildFile; fileRef = 338918B0142ED67C08EAE1D0 /* README.mdown */; };
		338915B5B16A97DB8E693F14 /* MFSideMenuContainerViewController.m in Sources */ = {isa = PBXBuildFile; fileRef = 33891C71BD9EE7D748BE8478 /* MFSideMenuContainerViewController.m */; };
		3389164DE1B495820635CF3E /* UIKit.framework in Frameworks */ = {isa = PBXBuildFile; fileRef = 33891AC79E8367BD51D78950 /* UIKit.framework */; };
		338916B8753CF935F269DB66 /* InfoPlist.strings in Resources */ = {isa = PBXBuildFile; fileRef = 33891CC9571F04430DC1CAAD /* InfoPlist.strings */; };
		33891732E6184D07A0920D63 /* AppDelegate.m in Sources */ = {isa = PBXBuildFile; fileRef = 338918F03073450693BCCCB5 /* AppDelegate.m */; };
		338917536947C5D2BA994A21 /* enable1_6.txt in Resources */ = {isa = PBXBuildFile; fileRef = 33891BA686F7C9D358C710C2 /* enable1_6.txt */; };
		338917E9787F747C8F6D5685 /* Main.storyboard in Resources */ = {isa = PBXBuildFile; fileRef = 3389175D42A34D074E6C5C2F /* Main.storyboard */; };
		3389182704CF5096A24CAC20 /* PasswordTableCell.m in Sources */ = {isa = PBXBuildFile; fileRef = 33891C4AF6BEA37F269070B8 /* PasswordTableCell.m */; };
		33891854AB1F06FCFB5C2469 /* PasswordViewController.m in Sources */ = {isa = PBXBuildFile; fileRef = 338915ED5F0E626EBE036C7D /* PasswordViewController.m */; };
		33891874DA2D65132717E162 /* main.m in Sources */ = {isa = PBXBuildFile; fileRef = 33891AA8C64BD3B1E036B887 /* main.m */; };
		33891875063498004F2D1158 /* MFSideMenuContainerViewController+LightStatusBar.m in Sources */ = {isa = PBXBuildFile; fileRef = 33891C7FA688A6B3A21D2612 /* MFSideMenuContainerViewController+LightStatusBar.m */; };
		338919127ABEEBBB88FD3A79 /* MFSideMenu.xccheckout in Resources */ = {isa = PBXBuildFile; fileRef = 33891250014E219C449B473A /* MFSideMenu.xccheckout */; };
		338919248E2D061EF11BEB0D /* LICENSE in Resources */ = {isa = PBXBuildFile; fileRef = 338917E815208D968B713ECF /* LICENSE */; };
		33891A19C572B434B9ACD59B /* passwordListTests.m in Sources */ = {isa = PBXBuildFile; fileRef = 3389159A756328ADC89682BD /* passwordListTests.m */; };
		33891A2B8B392FE62979B3D8 /* PasswordTools.m in Sources */ = {isa = PBXBuildFile; fileRef = 33891F96525B27506979BCFE /* PasswordTools.m */; };
		33891A5911C671CB07084846 /* CoreGraphics.framework in Frameworks */ = {isa = PBXBuildFile; fileRef = 33891DA0DE75914D7C97CD08 /* CoreGraphics.framework */; };
		33891A6B1577A71A14591394 /* enable1_8.txt in Resources */ = {isa = PBXBuildFile; fileRef = 33891A87BF4B11D79BC257C1 /* enable1_8.txt */; };
		33891A8DCF29DE854D307429 /* MenuViewController.m in Sources */ = {isa = PBXBuildFile; fileRef = 338916977D9005A2ADC05368 /* MenuViewController.m */; };
		33891AA7F36CACC9085397F3 /* JNKeychainPasswordStore.m in Sources */ = {isa = PBXBuildFile; fileRef = 338919C4637AB5481B562C1E /* JNKeychainPasswordStore.m */; };
		33891BBCE9C7D27B391C86E6 /* LongTapGestureRecogniser.m in Sources */ = {isa = PBXBuildFile; fileRef = 338910BF17318294E167F08D /* LongTapGestureRecogniser.m */; };
		33891C3A1D15521A1EA73BED /* TitleBanner.m in Sources */ = {isa = PBXBuildFile; fileRef = 33891B3BE9799CBED0A07354 /* TitleBanner.m */; };
		33891C85DDAA518C548108A0 /* LICENSE in Resources */ = {isa = PBXBuildFile; fileRef = 33891CF2FCD9E1550808D8D6 /* LICENSE */; };
		33891CF310933193EEF3F8CC /* PasswordGeneratorModel.m in Sources */ = {isa = PBXBuildFile; fileRef = 3389131E3C6B8AF8A93244A8 /* PasswordGeneratorModel.m */; };
		33891D4682C6190FB55FCE2C /* PasswordInfoItem.m in Sources */ = {isa = PBXBuildFile; fileRef = 33891157549F9C7E6084302F /* PasswordInfoItem.m */; };
		33891D53488288A7123EE2F2 /* PasswordField.m in Sources */ = {isa = PBXBuildFile; fileRef = 3389111D73338EDC24040DB9 /* PasswordField.m */; };
		33891D9E60E51C0E34F0D5E0 /* enable1_9.txt in Resources */ = {isa = PBXBuildFile; fileRef = 3389176B9859808D17C4242E /* enable1_9.txt */; };
		33891DB827B154E4595265E9 /* Arc4Randomizer.m in Sources */ = {isa = PBXBuildFile; fileRef = 33891D830A529E7EB2B5FFAD /* Arc4Randomizer.m */; };
		33891E105661109E111BA63B /* TestRandomizer.m in Sources */ = {isa = PBXBuildFile; fileRef = 33891A90EF496EF0EC1E662A /* TestRandomizer.m */; };
		33891E7679B2AF46F115B465 /* Foundation.framework in Frameworks */ = {isa = PBXBuildFile; fileRef = 33891B8A26EB611ACFD3C164 /* Foundation.framework */; };
		33891E78ED2D378840C78E7B /* PasswordListCell.xib in Resources */ = {isa = PBXBuildFile; fileRef = 33891ECDAD880F84F6171F63 /* PasswordListCell.xib */; };
		33891E7B50A5D0D7EAE05B35 /* enable1_3.txt in Resources */ = {isa = PBXBuildFile; fileRef = 3389109F0348BE1E33DD115B /* enable1_3.txt */; };
		33891EEC0A33961A1095730A /* README.md in Resources */ = {isa = PBXBuildFile; fileRef = 33891E44BFB464C087559319 /* README.md */; };
		33891FB0E8B5423FF253DB57 /* Preferences.m in Sources */ = {isa = PBXBuildFile; fileRef = 33891B71E02420F7C5828147 /* Preferences.m */; };
/* End PBXBuildFile section */

/* Begin PBXContainerItemProxy section */
		287D096B18C9FC3100C1CB23 /* PBXContainerItemProxy */ = {
			isa = PBXContainerItemProxy;
			containerPortal = 3389134A3D30B3BCD8664A7E /* Project object */;
			proxyType = 1;
			remoteGlobalIDString = 33891397B7302F72881F1CA0;
			remoteInfo = passvault;
		};
		33891D74160D86AC0F404A01 /* PBXContainerItemProxy */ = {
			isa = PBXContainerItemProxy;
			containerPortal = 3389134A3D30B3BCD8664A7E /* Project object */;
			proxyType = 1;
			remoteGlobalIDString = 33891397B7302F72881F1CA0;
			remoteInfo = passvault;
		};
/* End PBXContainerItemProxy section */

/* Begin PBXFileReference section */
		287D095E18C9FC3100C1CB23 /* passvault Tests.xctest */ = {isa = PBXFileReference; explicitFileType = wrapper.cfbundle; includeInIndex = 0; path = "passvault Tests.xctest"; sourceTree = BUILT_PRODUCTS_DIR; };
		3389104617AB580D0BA02400 /* MFSideMenu.podspec */ = {isa = PBXFileReference; lastKnownFileType = file.podspec; path = MFSideMenu.podspec; sourceTree = "<group>"; };
		3389109F0348BE1E33DD115B /* enable1_3.txt */ = {isa = PBXFileReference; fileEncoding = 4; lastKnownFileType = text; path = enable1_3.txt; sourceTree = "<group>"; };
		338910BF17318294E167F08D /* LongTapGestureRecogniser.m */ = {isa = PBXFileReference; fileEncoding = 4; lastKnownFileType = sourcecode.c.objc; path = LongTapGestureRecogniser.m; sourceTree = "<group>"; };
		338910C508DDBDA16303D99C /* PasswordTools.h */ = {isa = PBXFileReference; fileEncoding = 4; lastKnownFileType = sourcecode.c.h; path = PasswordTools.h; sourceTree = "<group>"; };
		338910E827C4BEF0FC7FF5B3 /* .gitignore */ = {isa = PBXFileReference; lastKnownFileType = file.gitignore; path = .gitignore; sourceTree = "<group>"; };
		3389111AFC0AC3F444B3AAAD /* enable1_4.txt */ = {isa = PBXFileReference; fileEncoding = 4; lastKnownFileType = text; path = enable1_4.txt; sourceTree = "<group>"; };
		3389111D73338EDC24040DB9 /* PasswordField.m */ = {isa = PBXFileReference; fileEncoding = 4; lastKnownFileType = sourcecode.c.objc; path = PasswordField.m; sourceTree = "<group>"; };
		33891157549F9C7E6084302F /* PasswordInfoItem.m */ = {isa = PBXFileReference; fileEncoding = 4; lastKnownFileType = sourcecode.c.objc; path = PasswordInfoItem.m; sourceTree = "<group>"; };
		338911EBE9A507AED043CA7E /* MFSideMenu.h */ = {isa = PBXFileReference; fileEncoding = 4; lastKnownFileType = sourcecode.c.h; path = MFSideMenu.h; sourceTree = "<group>"; };
		33891250014E219C449B473A /* MFSideMenu.xccheckout */ = {isa = PBXFileReference; lastKnownFileType = file.xccheckout; path = MFSideMenu.xccheckout; sourceTree = "<group>"; };
		338912A0850468E8368EC153 /* contents.xcworkspacedata */ = {isa = PBXFileReference; lastKnownFileType = file.xcworkspacedata; path = contents.xcworkspacedata; sourceTree = "<group>"; };
		338912E734F740069E7C12A2 /* MFSideMenuShadow.m */ = {isa = PBXFileReference; fileEncoding = 4; lastKnownFileType = sourcecode.c.objc; path = MFSideMenuShadow.m; sourceTree = "<group>"; };
		338912F4EB9222E7552B1E42 /* en */ = {isa = PBXFileReference; lastKnownFileType = text.plist.strings; name = en; path = en.lproj/InfoPlist.strings; sourceTree = "<group>"; };
		3389131E3C6B8AF8A93244A8 /* PasswordGeneratorModel.m */ = {isa = PBXFileReference; fileEncoding = 4; lastKnownFileType = sourcecode.c.objc; path = PasswordGeneratorModel.m; sourceTree = "<group>"; };
		338913360B53AEB7A066088B /* PasswordInfoItem.h */ = {isa = PBXFileReference; fileEncoding = 4; lastKnownFileType = sourcecode.c.h; path = PasswordInfoItem.h; sourceTree = "<group>"; };
		338913416EC974A80487B88B /* XCTest.framework */ = {isa = PBXFileReference; lastKnownFileType = wrapper.framework; name = XCTest.framework; path = Library/Frameworks/XCTest.framework; sourceTree = DEVELOPER_DIR; };
		3389137651FFB8C6B02F352F /* passwordModelTests.m */ = {isa = PBXFileReference; lastKnownFileType = sourcecode.c.objc; path = passwordModelTests.m; sourceTree = "<group>"; };
		3389139A02D294E5E8EEA49F /* MFSideMenuShadow.h */ = {isa = PBXFileReference; fileEncoding = 4; lastKnownFileType = sourcecode.c.h; path = MFSideMenuShadow.h; sourceTree = "<group>"; };
		338913E87C375286C140F4C5 /* en */ = {isa = PBXFileReference; lastKnownFileType = text.plist.strings; name = en; path = en.lproj/InfoPlist.strings; sourceTree = "<group>"; };
		3389144A5F27276FEC77EDC2 /* TableViewController.m */ = {isa = PBXFileReference; fileEncoding = 4; lastKnownFileType = sourcecode.c.objc; path = TableViewController.m; sourceTree = "<group>"; };
		338914B232DFBFE5D705B78D /* AddButton.h */ = {isa = PBXFileReference; fileEncoding = 4; lastKnownFileType = sourcecode.c.h; path = AddButton.h; sourceTree = "<group>"; };
		338914BCF83F297B02C08DCD /* JNKeychainPasswordStore.h */ = {isa = PBXFileReference; fileEncoding = 4; lastKnownFileType = sourcecode.c.h; name = JNKeychainPasswordStore.h; path = passvault/Models/JNKeychainPasswordStore.h; sourceTree = SOURCE_ROOT; };
		338914DAB4B672D4AD180A2A /* UIViewController+MFSideMenuAdditions.h */ = {isa = PBXFileReference; fileEncoding = 4; lastKnownFileType = sourcecode.c.h; path = "UIViewController+MFSideMenuAdditions.h"; sourceTree = "<group>"; };
		3389152058AFF819ED6A98AF /* PasswordField.h */ = {isa = PBXFileReference; fileEncoding = 4; lastKnownFileType = sourcecode.c.h; path = PasswordField.h; sourceTree = "<group>"; };
		3389159A756328ADC89682BD /* passwordListTests.m */ = {isa = PBXFileReference; fileEncoding = 4; lastKnownFileType = sourcecode.c.objc; path = passwordListTests.m; sourceTree = "<group>"; };
		338915D6D4E071433B30C2BB /* TouchZone.m */ = {isa = PBXFileReference; fileEncoding = 4; lastKnownFileType = sourcecode.c.objc; path = TouchZone.m; sourceTree = "<group>"; };
		338915ED5F0E626EBE036C7D /* PasswordViewController.m */ = {isa = PBXFileReference; fileEncoding = 4; lastKnownFileType = sourcecode.c.objc; path = PasswordViewController.m; sourceTree = "<group>"; };
		338915FDCD4481983C746D48 /* QuickView.m */ = {isa = PBXFileReference; fileEncoding = 4; lastKnownFileType = sourcecode.c.objc; path = QuickView.m; sourceTree = "<group>"; };
		3389163A8CEE16847087E670 /* PasswordViewController.h */ = {isa = PBXFileReference; fileEncoding = 4; lastKnownFileType = sourcecode.c.h; path = PasswordViewController.h; sourceTree = "<group>"; };
		3389164E9CE09AF79DA4053D /* UIColor+AppColors.h */ = {isa = PBXFileReference; fileEncoding = 4; lastKnownFileType = sourcecode.c.h; path = "UIColor+AppColors.h"; sourceTree = "<group>"; };
		33891693DBA4236D4D8F058F /* PasswordGeneratorModel.h */ = {isa = PBXFileReference; fileEncoding = 4; lastKnownFileType = sourcecode.c.h; path = PasswordGeneratorModel.h; sourceTree = "<group>"; };
		338916977D9005A2ADC05368 /* MenuViewController.m */ = {isa = PBXFileReference; fileEncoding = 4; lastKnownFileType = sourcecode.c.objc; path = MenuViewController.m; sourceTree = "<group>"; };
		33891698ADC01CB9DF28D6E0 /* enable1_7.txt */ = {isa = PBXFileReference; fileEncoding = 4; lastKnownFileType = text; path = enable1_7.txt; sourceTree = "<group>"; };
		338916A34CE1172FEE7CB962 /* Arc4Randomizer.h */ = {isa = PBXFileReference; fileEncoding = 4; lastKnownFileType = sourcecode.c.h; path = Arc4Randomizer.h; sourceTree = "<group>"; };
		3389171FD10592BEFA634643 /* AddButton.m */ = {isa = PBXFileReference; fileEncoding = 4; lastKnownFileType = sourcecode.c.objc; path = AddButton.m; sourceTree = "<group>"; };
		3389173862522ECCA25EBB80 /* passvault.app */ = {isa = PBXFileReference; explicitFileType = wrapper.application; includeInIndex = 0; path = passvault.app; sourceTree = BUILT_PRODUCTS_DIR; };
		3389174E4A855003F7883324 /* QuickView.h */ = {isa = PBXFileReference; fileEncoding = 4; lastKnownFileType = sourcecode.c.h; path = QuickView.h; sourceTree = "<group>"; };
		3389175746412F459CB29B73 /* MFSideMenuContainerViewController+LightStatusBar.h */ = {isa = PBXFileReference; fileEncoding = 4; lastKnownFileType = sourcecode.c.h; path = "MFSideMenuContainerViewController+LightStatusBar.h"; sourceTree = "<group>"; };
		3389176B9859808D17C4242E /* enable1_9.txt */ = {isa = PBXFileReference; fileEncoding = 4; lastKnownFileType = text; path = enable1_9.txt; sourceTree = "<group>"; };
		3389179AC733A83911C1FB80 /* passvault-Prefix.pch */ = {isa = PBXFileReference; lastKnownFileType = sourcecode.c.h; path = "passvault-Prefix.pch"; sourceTree = "<group>"; };
		338917C5A7C0F68DD35809EC /* Images.xcassets */ = {isa = PBXFileReference; lastKnownFileType = folder.assetcatalog; path = Images.xcassets; sourceTree = "<group>"; };
		338917D9E2BE763E3BC24E1B /* PasswordList.h */ = {isa = PBXFileReference; fileEncoding = 4; lastKnownFileType = sourcecode.c.h; path = PasswordList.h; sourceTree = "<group>"; };
		338917E815208D968B713ECF /* LICENSE */ = {isa = PBXFileReference; fileEncoding = 4; lastKnownFileType = text; path = LICENSE; sourceTree = "<group>"; };
		338918360C3A526D15570257 /* TestRandomizer.h */ = {isa = PBXFileReference; fileEncoding = 4; lastKnownFileType = sourcecode.c.h; path = TestRandomizer.h; sourceTree = "<group>"; };
		3389185040CC66B2526A56B9 /* passvaultTests-Info.plist */ = {isa = PBXFileReference; lastKnownFileType = text.plist.info; path = "passvaultTests-Info.plist"; sourceTree = "<group>"; };
		338918827E14C2B3ADD51437 /* PasswordList.m */ = {isa = PBXFileReference; fileEncoding = 4; lastKnownFileType = sourcecode.c.objc; path = PasswordList.m; sourceTree = "<group>"; };
		338918B0142ED67C08EAE1D0 /* README.mdown */ = {isa = PBXFileReference; lastKnownFileType = file.mdown; path = README.mdown; sourceTree = "<group>"; };
		338918B85AF9BAC1534FB040 /* TouchZone.h */ = {isa = PBXFileReference; fileEncoding = 4; lastKnownFileType = sourcecode.c.h; path = TouchZone.h; sourceTree = "<group>"; };
		338918F03073450693BCCCB5 /* AppDelegate.m */ = {isa = PBXFileReference; lastKnownFileType = sourcecode.c.objc; path = AppDelegate.m; sourceTree = "<group>"; };
		3389191F481D2E1CBD2CF317 /* Localizable.strings */ = {isa = PBXFileReference; fileEncoding = 4; lastKnownFileType = text.plist.strings; name = Localizable.strings; path = ViewControllers/Localizable.strings; sourceTree = "<group>"; };
		33891999117EA570084BAA76 /* passvault-Info.plist */ = {isa = PBXFileReference; lastKnownFileType = text.plist.info; path = "passvault-Info.plist"; sourceTree = "<group>"; };
		338919C4637AB5481B562C1E /* JNKeychainPasswordStore.m */ = {isa = PBXFileReference; fileEncoding = 4; lastKnownFileType = sourcecode.c.objc; name = JNKeychainPasswordStore.m; path = passvault/Models/JNKeychainPasswordStore.m; sourceTree = SOURCE_ROOT; };
		33891A38CAA8D296284152F2 /* Preferences.h */ = {isa = PBXFileReference; fileEncoding = 4; lastKnownFileType = sourcecode.c.h; path = Preferences.h; sourceTree = "<group>"; };
		33891A87BF4B11D79BC257C1 /* enable1_8.txt */ = {isa = PBXFileReference; fileEncoding = 4; lastKnownFileType = text; path = enable1_8.txt; sourceTree = "<group>"; };
		33891A8E325F3BE6E32CADFB /* TestPasswordStore.h */ = {isa = PBXFileReference; fileEncoding = 4; lastKnownFileType = sourcecode.c.h; path = TestPasswordStore.h; sourceTree = "<group>"; };
		33891A90EF496EF0EC1E662A /* TestRandomizer.m */ = {isa = PBXFileReference; fileEncoding = 4; lastKnownFileType = sourcecode.c.objc; path = TestRandomizer.m; sourceTree = "<group>"; };
		33891AA8C64BD3B1E036B887 /* main.m */ = {isa = PBXFileReference; lastKnownFileType = sourcecode.c.objc; path = main.m; sourceTree = "<group>"; };
		33891AC79E8367BD51D78950 /* UIKit.framework */ = {isa = PBXFileReference; lastKnownFileType = wrapper.framework; name = UIKit.framework; path = System/Library/Frameworks/UIKit.framework; sourceTree = SDKROOT; };
		33891B09CE9E60608E6E765C /* TitleBanner.h */ = {isa = PBXFileReference; fileEncoding = 4; lastKnownFileType = sourcecode.c.h; path = TitleBanner.h; sourceTree = "<group>"; };
		33891B3BE9799CBED0A07354 /* TitleBanner.m */ = {isa = PBXFileReference; fileEncoding = 4; lastKnownFileType = sourcecode.c.objc; path = TitleBanner.m; sourceTree = "<group>"; };
		33891B5621B5B85F415C3D67 /* PasswordTableCell.h */ = {isa = PBXFileReference; fileEncoding = 4; lastKnownFileType = sourcecode.c.h; path = PasswordTableCell.h; sourceTree = "<group>"; };
		33891B5D5E702FD23780BD43 /* passvaultTests.xctest */ = {isa = PBXFileReference; explicitFileType = wrapper.cfbundle; includeInIndex = 0; path = passvaultTests.xctest; sourceTree = BUILT_PRODUCTS_DIR; };
		33891B71E02420F7C5828147 /* Preferences.m */ = {isa = PBXFileReference; fileEncoding = 4; lastKnownFileType = sourcecode.c.objc; path = Preferences.m; sourceTree = "<group>"; };
		33891B8A26EB611ACFD3C164 /* Foundation.framework */ = {isa = PBXFileReference; lastKnownFileType = wrapper.framework; name = Foundation.framework; path = System/Library/Frameworks/Foundation.framework; sourceTree = SDKROOT; };
		33891BA686F7C9D358C710C2 /* enable1_6.txt */ = {isa = PBXFileReference; fileEncoding = 4; lastKnownFileType = text; path = enable1_6.txt; sourceTree = "<group>"; };
		33891C4AF6BEA37F269070B8 /* PasswordTableCell.m */ = {isa = PBXFileReference; fileEncoding = 4; lastKnownFileType = sourcecode.c.objc; path = PasswordTableCell.m; sourceTree = "<group>"; };
		33891C71BD9EE7D748BE8478 /* MFSideMenuContainerViewController.m */ = {isa = PBXFileReference; fileEncoding = 4; lastKnownFileType = sourcecode.c.objc; path = MFSideMenuContainerViewController.m; sourceTree = "<group>"; };
		33891C7A053D9576ECB8E659 /* JNKeychain.h */ = {isa = PBXFileReference; fileEncoding = 4; lastKnownFileType = sourcecode.c.h; path = JNKeychain.h; sourceTree = "<group>"; };
		33891C7FA688A6B3A21D2612 /* MFSideMenuContainerViewController+LightStatusBar.m */ = {isa = PBXFileReference; fileEncoding = 4; lastKnownFileType = sourcecode.c.objc; path = "MFSideMenuContainerViewController+LightStatusBar.m"; sourceTree = "<group>"; };
		33891CE08F8AB9D613A5FE3C /* UIColor+AppColors.m */ = {isa = PBXFileReference; fileEncoding = 4; lastKnownFileType = sourcecode.c.objc; path = "UIColor+AppColors.m"; sourceTree = "<group>"; };
		33891CF2FCD9E1550808D8D6 /* LICENSE */ = {isa = PBXFileReference; fileEncoding = 4; lastKnownFileType = text; path = LICENSE; sourceTree = "<group>"; };
		33891D0C18779F3504F30157 /* MFSideMenuContainerViewController.h */ = {isa = PBXFileReference; fileEncoding = 4; lastKnownFileType = sourcecode.c.h; path = MFSideMenuContainerViewController.h; sourceTree = "<group>"; };
		33891D63C1474509B57663C2 /* enable1_5.txt */ = {isa = PBXFileReference; fileEncoding = 4; lastKnownFileType = text; path = enable1_5.txt; sourceTree = "<group>"; };
		33891D830A529E7EB2B5FFAD /* Arc4Randomizer.m */ = {isa = PBXFileReference; fileEncoding = 4; lastKnownFileType = sourcecode.c.objc; path = Arc4Randomizer.m; sourceTree = "<group>"; };
		33891DA0DE75914D7C97CD08 /* CoreGraphics.framework */ = {isa = PBXFileReference; lastKnownFileType = wrapper.framework; name = CoreGraphics.framework; path = System/Library/Frameworks/CoreGraphics.framework; sourceTree = SDKROOT; };
		33891DBFCCE6205773A9EDF7 /* Randomizer.h */ = {isa = PBXFileReference; fileEncoding = 4; lastKnownFileType = sourcecode.c.h; path = Randomizer.h; sourceTree = "<group>"; };
		33891DDAD2A1B64BAE37CC8C /* TableViewController.h */ = {isa = PBXFileReference; fileEncoding = 4; lastKnownFileType = sourcecode.c.h; path = TableViewController.h; sourceTree = "<group>"; };
		33891DDFBD678993B54248E4 /* TestPasswordStore.m */ = {isa = PBXFileReference; fileEncoding = 4; lastKnownFileType = sourcecode.c.objc; path = TestPasswordStore.m; sourceTree = "<group>"; };
		33891E10ADE8E636D02070B4 /* Base */ = {isa = PBXFileReference; lastKnownFileType = file.storyboard; name = Base; path = Base.lproj/Main.storyboard; sourceTree = "<group>"; };
		33891E44BFB464C087559319 /* README.md */ = {isa = PBXFileReference; lastKnownFileType = file.md; path = README.md; sourceTree = "<group>"; };
		33891E91A5874975FEBB7E9C /* MenuViewController.h */ = {isa = PBXFileReference; fileEncoding = 4; lastKnownFileType = sourcecode.c.h; path = MenuViewController.h; sourceTree = "<group>"; };
		33891ECDAD880F84F6171F63 /* PasswordListCell.xib */ = {isa = PBXFileReference; lastKnownFileType = file.xib; path = PasswordListCell.xib; sourceTree = "<group>"; };
		33891F4C3BC8BBE763B8D593 /* AppDelegate.h */ = {isa = PBXFileReference; lastKnownFileType = sourcecode.c.h; path = AppDelegate.h; sourceTree = "<group>"; };
		33891F96525B27506979BCFE /* PasswordTools.m */ = {isa = PBXFileReference; fileEncoding = 4; lastKnownFileType = sourcecode.c.objc; path = PasswordTools.m; sourceTree = "<group>"; };
		33891FC248A97FDE6E6A973C /* JNKeychain.m */ = {isa = PBXFileReference; fileEncoding = 4; lastKnownFileType = sourcecode.c.objc; path = JNKeychain.m; sourceTree = "<group>"; };
		33891FE87E0B16ED1AFF24D4 /* PasswordStore.h */ = {isa = PBXFileReference; fileEncoding = 4; lastKnownFileType = sourcecode.c.h; path = PasswordStore.h; sourceTree = "<group>"; };
		33891FECD61A7764F3B25845 /* LongTapGestureRecogniser.h */ = {isa = PBXFileReference; fileEncoding = 4; lastKnownFileType = sourcecode.c.h; path = LongTapGestureRecogniser.h; sourceTree = "<group>"; };
		33891FF30D7BBF61D3DB5AE0 /* UIViewController+MFSideMenuAdditions.m */ = {isa = PBXFileReference; fileEncoding = 4; lastKnownFileType = sourcecode.c.objc; path = "UIViewController+MFSideMenuAdditions.m"; sourceTree = "<group>"; };
/* End PBXFileReference section */

/* Begin PBXFrameworksBuildPhase section */
		287D095B18C9FC3100C1CB23 /* Frameworks */ = {
			isa = PBXFrameworksBuildPhase;
			buildActionMask = 2147483647;
			files = (
				287D095F18C9FC3100C1CB23 /* XCTest.framework in Frameworks */,
				287D096118C9FC3100C1CB23 /* UIKit.framework in Frameworks */,
				287D096018C9FC3100C1CB23 /* Foundation.framework in Frameworks */,
			);
			runOnlyForDeploymentPostprocessing = 0;
		};
		3389154423511C16521EF08A /* Frameworks */ = {
			isa = PBXFrameworksBuildPhase;
			buildActionMask = 2147483647;
			files = (
				338913E2D32ECFBDAD2A4831 /* XCTest.framework in Frameworks */,
				338912F35E5BBD1C34849851 /* Foundation.framework in Frameworks */,
				3389137B7BAD183DDAFFF7D7 /* UIKit.framework in Frameworks */,
			);
			runOnlyForDeploymentPostprocessing = 0;
		};
		33891B91D18E4EC99005B53E /* Frameworks */ = {
			isa = PBXFrameworksBuildPhase;
			buildActionMask = 2147483647;
			files = (
				33891E7679B2AF46F115B465 /* Foundation.framework in Frameworks */,
				33891A5911C671CB07084846 /* CoreGraphics.framework in Frameworks */,
				3389164DE1B495820635CF3E /* UIKit.framework in Frameworks */,
			);
			runOnlyForDeploymentPostprocessing = 0;
		};
/* End PBXFrameworksBuildPhase section */

/* Begin PBXGroup section */
		33891030FF94990887F12E3E /* Randomizer */ = {
			isa = PBXGroup;
			children = (
				338916A34CE1172FEE7CB962 /* Arc4Randomizer.h */,
				33891D830A529E7EB2B5FFAD /* Arc4Randomizer.m */,
				33891DBFCCE6205773A9EDF7 /* Randomizer.h */,
			);
			path = Randomizer;
			sourceTree = "<group>";
		};
		338910EBB0198F4B0D45B363 /* xcshareddata */ = {
			isa = PBXGroup;
			children = (
				33891250014E219C449B473A /* MFSideMenu.xccheckout */,
			);
			path = xcshareddata;
			sourceTree = "<group>";
		};
		33891102FB159804FA70E8F4 /* MFSideMenu */ = {
			isa = PBXGroup;
			children = (
				338917E815208D968B713ECF /* LICENSE */,
				338910E827C4BEF0FC7FF5B3 /* .gitignore */,
				33891DEB9D8C8319EBD65592 /* MFSideMenu */,
				338918B0142ED67C08EAE1D0 /* README.mdown */,
				3389104617AB580D0BA02400 /* MFSideMenu.podspec */,
				33891605C9214DA14135E95F /* MFSideMenu.xcworkspace */,
			);
			path = MFSideMenu;
			sourceTree = "<group>";
		};
		33891257F05613594077C9D7 /* passvaultTests */ = {
			isa = PBXGroup;
			children = (
				338916BDA1FF56617C280B06 /* Supporting Files */,
				3389137651FFB8C6B02F352F /* passwordModelTests.m */,
				33891A90EF496EF0EC1E662A /* TestRandomizer.m */,
				338918360C3A526D15570257 /* TestRandomizer.h */,
				33891DDFBD678993B54248E4 /* TestPasswordStore.m */,
				33891A8E325F3BE6E32CADFB /* TestPasswordStore.h */,
				3389159A756328ADC89682BD /* passwordListTests.m */,
			);
			path = passvaultTests;
			sourceTree = "<group>";
		};
		33891379764F67DECC4F1F1E /* passvault */ = {
			isa = PBXGroup;
			children = (
				33891511521DD93811A739A9 /* Supporting Files */,
				33891F4C3BC8BBE763B8D593 /* AppDelegate.h */,
				338918F03073450693BCCCB5 /* AppDelegate.m */,
				338917978AD6EFCD559DC7AD /* ViewControllers */,
				338916F6E2486AD6A43CECBD /* dictionary_files */,
				33891030FF94990887F12E3E /* Randomizer */,
				3389164F3DECF0EAD68F8FEE /* Models */,
				3389196F587BDC9614310F78 /* Views */,
				3389162F38EFE4ABB9197FAD /* Resources */,
				3389161AA7B0E7E71CB22B05 /* JNKeychain */,
				33891D618701164E8B0F0EFE /* Gestures */,
				33891102FB159804FA70E8F4 /* MFSideMenu */,
				33891B71E02420F7C5828147 /* Preferences.m */,
				33891A38CAA8D296284152F2 /* Preferences.h */,
				33891C179EE06B7850FC8B8F /* Tools */,
			);
			path = passvault;
			sourceTree = "<group>";
		};
		33891511521DD93811A739A9 /* Supporting Files */ = {
			isa = PBXGroup;
			children = (
				33891999117EA570084BAA76 /* passvault-Info.plist */,
				33891E1B743D9DEF7869899B /* InfoPlist.strings */,
				33891AA8C64BD3B1E036B887 /* main.m */,
				3389179AC733A83911C1FB80 /* passvault-Prefix.pch */,
			);
			name = "Supporting Files";
			sourceTree = "<group>";
		};
		33891605C9214DA14135E95F /* MFSideMenu.xcworkspace */ = {
			isa = PBXGroup;
			children = (
				338910EBB0198F4B0D45B363 /* xcshareddata */,
				338912A0850468E8368EC153 /* contents.xcworkspacedata */,
			);
			path = MFSideMenu.xcworkspace;
			sourceTree = "<group>";
		};
		3389161AA7B0E7E71CB22B05 /* JNKeychain */ = {
			isa = PBXGroup;
			children = (
				33891CF2FCD9E1550808D8D6 /* LICENSE */,
				33891E44BFB464C087559319 /* README.md */,
				33891C7A053D9576ECB8E659 /* JNKeychain.h */,
				33891FC248A97FDE6E6A973C /* JNKeychain.m */,
			);
			path = JNKeychain;
			sourceTree = "<group>";
		};
		3389162F38EFE4ABB9197FAD /* Resources */ = {
			isa = PBXGroup;
			children = (
				33891ECDAD880F84F6171F63 /* PasswordListCell.xib */,
				3389175D42A34D074E6C5C2F /* Main.storyboard */,
				338917C5A7C0F68DD35809EC /* Images.xcassets */,
				3389191F481D2E1CBD2CF317 /* Localizable.strings */,
				33891CE08F8AB9D613A5FE3C /* UIColor+AppColors.m */,
				3389164E9CE09AF79DA4053D /* UIColor+AppColors.h */,
			);
			name = Resources;
			sourceTree = "<group>";
		};
		3389164F3DECF0EAD68F8FEE /* Models */ = {
			isa = PBXGroup;
			children = (
				33891157549F9C7E6084302F /* PasswordInfoItem.m */,
				338918827E14C2B3ADD51437 /* PasswordList.m */,
				338917D9E2BE763E3BC24E1B /* PasswordList.h */,
				338913360B53AEB7A066088B /* PasswordInfoItem.h */,
				3389131E3C6B8AF8A93244A8 /* PasswordGeneratorModel.m */,
				33891693DBA4236D4D8F058F /* PasswordGeneratorModel.h */,
				33891FE87E0B16ED1AFF24D4 /* PasswordStore.h */,
			);
			path = Models;
			sourceTree = "<group>";
		};
		338916BDA1FF56617C280B06 /* Supporting Files */ = {
			isa = PBXGroup;
			children = (
				3389185040CC66B2526A56B9 /* passvaultTests-Info.plist */,
				33891CC9571F04430DC1CAAD /* InfoPlist.strings */,
			);
			name = "Supporting Files";
			sourceTree = "<group>";
		};
		338916F6E2486AD6A43CECBD /* dictionary_files */ = {
			isa = PBXGroup;
			children = (
				3389109F0348BE1E33DD115B /* enable1_3.txt */,
				3389111AFC0AC3F444B3AAAD /* enable1_4.txt */,
				33891D63C1474509B57663C2 /* enable1_5.txt */,
				33891BA686F7C9D358C710C2 /* enable1_6.txt */,
				33891698ADC01CB9DF28D6E0 /* enable1_7.txt */,
				33891A87BF4B11D79BC257C1 /* enable1_8.txt */,
				3389176B9859808D17C4242E /* enable1_9.txt */,
			);
			path = dictionary_files;
			sourceTree = "<group>";
		};
		338917978AD6EFCD559DC7AD /* ViewControllers */ = {
			isa = PBXGroup;
			children = (
				338915ED5F0E626EBE036C7D /* PasswordViewController.m */,
				3389163A8CEE16847087E670 /* PasswordViewController.h */,
				338916977D9005A2ADC05368 /* MenuViewController.m */,
				33891E91A5874975FEBB7E9C /* MenuViewController.h */,
				33891C7FA688A6B3A21D2612 /* MFSideMenuContainerViewController+LightStatusBar.m */,
				3389175746412F459CB29B73 /* MFSideMenuContainerViewController+LightStatusBar.h */,
				33891DDAD2A1B64BAE37CC8C /* TableViewController.h */,
				3389144A5F27276FEC77EDC2 /* TableViewController.m */,
				338919C4637AB5481B562C1E /* JNKeychainPasswordStore.m */,
				338914BCF83F297B02C08DCD /* JNKeychainPasswordStore.h */,
			);
			path = ViewControllers;
			sourceTree = "<group>";
		};
		3389196F587BDC9614310F78 /* Views */ = {
			isa = PBXGroup;
			children = (
				3389111D73338EDC24040DB9 /* PasswordField.m */,
				33891C4AF6BEA37F269070B8 /* PasswordTableCell.m */,
				33891B5621B5B85F415C3D67 /* PasswordTableCell.h */,
				3389152058AFF819ED6A98AF /* PasswordField.h */,
				33891B09CE9E60608E6E765C /* TitleBanner.h */,
				33891B3BE9799CBED0A07354 /* TitleBanner.m */,
				338918B85AF9BAC1534FB040 /* TouchZone.h */,
				338915D6D4E071433B30C2BB /* TouchZone.m */,
				338915FDCD4481983C746D48 /* QuickView.m */,
				3389174E4A855003F7883324 /* QuickView.h */,
				3389171FD10592BEFA634643 /* AddButton.m */,
				338914B232DFBFE5D705B78D /* AddButton.h */,
			);
			path = Views;
			sourceTree = "<group>";
		};
		33891AAEA41FC3A1A3482229 /* Frameworks */ = {
			isa = PBXGroup;
			children = (
				33891B8A26EB611ACFD3C164 /* Foundation.framework */,
				33891DA0DE75914D7C97CD08 /* CoreGraphics.framework */,
				33891AC79E8367BD51D78950 /* UIKit.framework */,
				338913416EC974A80487B88B /* XCTest.framework */,
			);
			name = Frameworks;
			sourceTree = "<group>";
		};
		33891BEE4EB53F27E65F1D98 = {
			isa = PBXGroup;
			children = (
				33891EA80FA6BEE1FF94D202 /* Products */,
				33891AAEA41FC3A1A3482229 /* Frameworks */,
				33891379764F67DECC4F1F1E /* passvault */,
				33891257F05613594077C9D7 /* passvaultTests */,
			);
			sourceTree = "<group>";
		};
		33891C179EE06B7850FC8B8F /* Tools */ = {
			isa = PBXGroup;
			children = (
				33891F96525B27506979BCFE /* PasswordTools.m */,
				338910C508DDBDA16303D99C /* PasswordTools.h */,
			);
			path = Tools;
			sourceTree = "<group>";
		};
		33891D618701164E8B0F0EFE /* Gestures */ = {
			isa = PBXGroup;
			children = (
				33891FECD61A7764F3B25845 /* LongTapGestureRecogniser.h */,
				338910BF17318294E167F08D /* LongTapGestureRecogniser.m */,
			);
			path = Gestures;
			sourceTree = "<group>";
		};
		33891DEB9D8C8319EBD65592 /* MFSideMenu */ = {
			isa = PBXGroup;
			children = (
				338911EBE9A507AED043CA7E /* MFSideMenu.h */,
				3389139A02D294E5E8EEA49F /* MFSideMenuShadow.h */,
				338912E734F740069E7C12A2 /* MFSideMenuShadow.m */,
				33891D0C18779F3504F30157 /* MFSideMenuContainerViewController.h */,
				33891C71BD9EE7D748BE8478 /* MFSideMenuContainerViewController.m */,
				338914DAB4B672D4AD180A2A /* UIViewController+MFSideMenuAdditions.h */,
				33891FF30D7BBF61D3DB5AE0 /* UIViewController+MFSideMenuAdditions.m */,
			);
			path = MFSideMenu;
			sourceTree = "<group>";
		};
		33891EA80FA6BEE1FF94D202 /* Products */ = {
			isa = PBXGroup;
			children = (
				3389173862522ECCA25EBB80 /* passvault.app */,
				33891B5D5E702FD23780BD43 /* passvaultTests.xctest */,
				287D095E18C9FC3100C1CB23 /* passvault Tests.xctest */,
			);
			name = Products;
			sourceTree = "<group>";
		};
/* End PBXGroup section */

/* Begin PBXNativeTarget section */
		287D095D18C9FC3100C1CB23 /* passvault Tests */ = {
			isa = PBXNativeTarget;
			buildConfigurationList = 287D096F18C9FC3100C1CB23 /* Build configuration list for PBXNativeTarget "passvault Tests" */;
			buildPhases = (
				287D095A18C9FC3100C1CB23 /* Sources */,
				287D095B18C9FC3100C1CB23 /* Frameworks */,
				287D095C18C9FC3100C1CB23 /* Resources */,
			);
			buildRules = (
			);
			dependencies = (
				287D096C18C9FC3100C1CB23 /* PBXTargetDependency */,
			);
			name = "passvault Tests";
			productName = "passvault Tests";
			productReference = 287D095E18C9FC3100C1CB23 /* passvault Tests.xctest */;
			productType = "com.apple.product-type.bundle.unit-test";
		};
		33891304550FE5BEC5BF29B9 /* passvaultTests */ = {
			isa = PBXNativeTarget;
			buildConfigurationList = 338912C2449029075AA53B2C /* Build configuration list for PBXNativeTarget "passvaultTests" */;
			buildPhases = (
				33891FB17646C2E43F4BE70F /* Sources */,
				3389154423511C16521EF08A /* Frameworks */,
				3389193C2832603E80474D88 /* Resources */,
			);
			buildRules = (
			);
			dependencies = (
				3389164FEC63937FE9FCD2DC /* PBXTargetDependency */,
			);
			name = passvaultTests;
			productName = passvaultTests;
			productReference = 33891B5D5E702FD23780BD43 /* passvaultTests.xctest */;
			productType = "com.apple.product-type.bundle.unit-test";
		};
		33891397B7302F72881F1CA0 /* passvault */ = {
			isa = PBXNativeTarget;
			buildConfigurationList = 33891DBA015C49995DBCE8B9 /* Build configuration list for PBXNativeTarget "passvault" */;
			buildPhases = (
				33891248F17E4C0BB6D1D106 /* Sources */,
				33891B91D18E4EC99005B53E /* Frameworks */,
				33891EF9932E9B6E433A2358 /* Resources */,
			);
			buildRules = (
			);
			dependencies = (
			);
			name = passvault;
			productName = passvault;
			productReference = 3389173862522ECCA25EBB80 /* passvault.app */;
			productType = "com.apple.product-type.application";
		};
/* End PBXNativeTarget section */

/* Begin PBXProject section */
		3389134A3D30B3BCD8664A7E /* Project object */ = {
			isa = PBXProject;
			attributes = {
				ORGANIZATIONNAME = MeasuredSoftware;
				TargetAttributes = {
					287D095D18C9FC3100C1CB23 = {
						TestTargetID = 33891397B7302F72881F1CA0;
					};
				};
			};
			buildConfigurationList = 33891DBBB616B0C3961453A4 /* Build configuration list for PBXProject "passvault" */;
			compatibilityVersion = "Xcode 3.2";
			developmentRegion = English;
			hasScannedForEncodings = 0;
			knownRegions = (
				en,
			);
			mainGroup = 33891BEE4EB53F27E65F1D98;
			productRefGroup = 33891EA80FA6BEE1FF94D202 /* Products */;
			projectDirPath = "";
			projectRoot = "";
			targets = (
				33891397B7302F72881F1CA0 /* passvault */,
				33891304550FE5BEC5BF29B9 /* passvaultTests */,
				287D095D18C9FC3100C1CB23 /* passvault Tests */,
			);
		};
/* End PBXProject section */

/* Begin PBXResourcesBuildPhase section */
		287D095C18C9FC3100C1CB23 /* Resources */ = {
			isa = PBXResourcesBuildPhase;
			buildActionMask = 2147483647;
			files = (
			);
			runOnlyForDeploymentPostprocessing = 0;
		};
		3389193C2832603E80474D88 /* Resources */ = {
			isa = PBXResourcesBuildPhase;
			buildActionMask = 2147483647;
			files = (
				338916B8753CF935F269DB66 /* InfoPlist.strings in Resources */,
			);
			runOnlyForDeploymentPostprocessing = 0;
		};
		33891EF9932E9B6E433A2358 /* Resources */ = {
			isa = PBXResourcesBuildPhase;
			buildActionMask = 2147483647;
			files = (
				338912C0F889783FDBE87414 /* InfoPlist.strings in Resources */,
				33891E7B50A5D0D7EAE05B35 /* enable1_3.txt in Resources */,
				3389136BDDFA09E5CBECB417 /* enable1_4.txt in Resources */,
				338912F40CA5560970A0EDC1 /* enable1_5.txt in Resources */,
				338917536947C5D2BA994A21 /* enable1_6.txt in Resources */,
				33891055EFBEA217BCDEECE3 /* enable1_7.txt in Resources */,
				33891A6B1577A71A14591394 /* enable1_8.txt in Resources */,
				33891D9E60E51C0E34F0D5E0 /* enable1_9.txt in Resources */,
				33891E78ED2D378840C78E7B /* PasswordListCell.xib in Resources */,
				338917E9787F747C8F6D5685 /* Main.storyboard in Resources */,
				338910EF969B64DB3B226032 /* Images.xcassets in Resources */,
				33891C85DDAA518C548108A0 /* LICENSE in Resources */,
				33891EEC0A33961A1095730A /* README.md in Resources */,
				338919248E2D061EF11BEB0D /* LICENSE in Resources */,
				3389125EE67D6B11041FD58C /* .gitignore in Resources */,
				338915217CF623FFB8CA0DC6 /* README.mdown in Resources */,
				338913A306AEE4A0795132A6 /* MFSideMenu.podspec in Resources */,
				338919127ABEEBBB88FD3A79 /* MFSideMenu.xccheckout in Resources */,
				33891321F86217C40DEC0B6C /* contents.xcworkspacedata in Resources */,
				338910F000C8A8269EF3F9CE /* Localizable.strings in Resources */,
			);
			runOnlyForDeploymentPostprocessing = 0;
		};
/* End PBXResourcesBuildPhase section */

/* Begin PBXSourcesBuildPhase section */
		287D095A18C9FC3100C1CB23 /* Sources */ = {
			isa = PBXSourcesBuildPhase;
			buildActionMask = 2147483647;
			files = (
			);
			runOnlyForDeploymentPostprocessing = 0;
		};
		33891248F17E4C0BB6D1D106 /* Sources */ = {
			isa = PBXSourcesBuildPhase;
			buildActionMask = 2147483647;
			files = (
				33891874DA2D65132717E162 /* main.m in Sources */,
				33891732E6184D07A0920D63 /* AppDelegate.m in Sources */,
				33891854AB1F06FCFB5C2469 /* PasswordViewController.m in Sources */,
				33891DB827B154E4595265E9 /* Arc4Randomizer.m in Sources */,
				33891228944453B9829865AB /* PasswordInfoItem.m in Sources */,
				33891480D811C57AEA9C8D08 /* PasswordList.m in Sources */,
				3389121DC807688B364DBAA9 /* PasswordGeneratorModel.m in Sources */,
				33891D53488288A7123EE2F2 /* PasswordField.m in Sources */,
				3389182704CF5096A24CAC20 /* PasswordTableCell.m in Sources */,
				33891C3A1D15521A1EA73BED /* TitleBanner.m in Sources */,
				338911144CA4CECD56453916 /* TouchZone.m in Sources */,
				3389107318C9123F2612737F /* JNKeychain.m in Sources */,
				33891BBCE9C7D27B391C86E6 /* LongTapGestureRecogniser.m in Sources */,
				338910AAB6713CF28EDD4D0C /* QuickView.m in Sources */,
				338910CC8B9047DCCE9A7A66 /* MFSideMenuShadow.m in Sources */,
				338915B5B16A97DB8E693F14 /* MFSideMenuContainerViewController.m in Sources */,
				33891223B4CAF7578AF68ED5 /* UIViewController+MFSideMenuAdditions.m in Sources */,
				33891A8DCF29DE854D307429 /* MenuViewController.m in Sources */,
				33891875063498004F2D1158 /* MFSideMenuContainerViewController+LightStatusBar.m in Sources */,
				33891FB0E8B5423FF253DB57 /* Preferences.m in Sources */,
				338913ACDA814E3615C69E0A /* UIColor+AppColors.m in Sources */,
				3389118B581D7790831ADE51 /* TableViewController.m in Sources */,
				3389128F9D5FFAF4CE0E7983 /* AddButton.m in Sources */,
				33891A2B8B392FE62979B3D8 /* PasswordTools.m in Sources */,
				33891AA7F36CACC9085397F3 /* JNKeychainPasswordStore.m in Sources */,
			);
			runOnlyForDeploymentPostprocessing = 0;
		};
		33891FB17646C2E43F4BE70F /* Sources */ = {
			isa = PBXSourcesBuildPhase;
			buildActionMask = 2147483647;
			files = (
				3389135652521D646B3DFC61 /* passwordModelTests.m in Sources */,
				33891E105661109E111BA63B /* TestRandomizer.m in Sources */,
				33891CF310933193EEF3F8CC /* PasswordGeneratorModel.m in Sources */,
				33891A19C572B434B9ACD59B /* passwordListTests.m in Sources */,
				3389102E95CD8E4983EB576B /* PasswordList.m in Sources */,
				33891D4682C6190FB55FCE2C /* PasswordInfoItem.m in Sources */,
				3389149B302BF6DB471526B0 /* TestPasswordStore.m in Sources */,
			);
			runOnlyForDeploymentPostprocessing = 0;
		};
/* End PBXSourcesBuildPhase section */

/* Begin PBXTargetDependency section */
		287D096C18C9FC3100C1CB23 /* PBXTargetDependency */ = {
			isa = PBXTargetDependency;
			target = 33891397B7302F72881F1CA0 /* passvault */;
			targetProxy = 287D096B18C9FC3100C1CB23 /* PBXContainerItemProxy */;
		};
		3389164FEC63937FE9FCD2DC /* PBXTargetDependency */ = {
			isa = PBXTargetDependency;
			target = 33891397B7302F72881F1CA0 /* passvault */;
			targetProxy = 33891D74160D86AC0F404A01 /* PBXContainerItemProxy */;
		};
/* End PBXTargetDependency section */

/* Begin PBXVariantGroup section */
		3389175D42A34D074E6C5C2F /* Main.storyboard */ = {
			isa = PBXVariantGroup;
			children = (
				33891E10ADE8E636D02070B4 /* Base */,
			);
			name = Main.storyboard;
			sourceTree = "<group>";
		};
		33891CC9571F04430DC1CAAD /* InfoPlist.strings */ = {
			isa = PBXVariantGroup;
			children = (
				338912F4EB9222E7552B1E42 /* en */,
			);
			name = InfoPlist.strings;
			sourceTree = "<group>";
		};
		33891E1B743D9DEF7869899B /* InfoPlist.strings */ = {
			isa = PBXVariantGroup;
			children = (
				338913E87C375286C140F4C5 /* en */,
			);
			name = InfoPlist.strings;
			sourceTree = "<group>";
		};
/* End PBXVariantGroup section */

/* Begin XCBuildConfiguration section */
		287D096D18C9FC3100C1CB23 /* Release */ = {
			isa = XCBuildConfiguration;
			buildSettings = {
				ARCHS = "$(ARCHS_STANDARD_INCLUDING_64_BIT)";
				BUNDLE_LOADER = "$(BUILT_PRODUCTS_DIR)/passvault.app/passvault";
				FRAMEWORK_SEARCH_PATHS = (
					"$(SDKROOT)/Developer/Library/Frameworks",
					"$(inherited)",
					"$(DEVELOPER_FRAMEWORKS_DIR)",
				);
				GCC_PRECOMPILE_PREFIX_HEADER = YES;
				GCC_PREFIX_HEADER = "passvault Tests/passvault Tests-Prefix.pch";
				INFOPLIST_FILE = "passvault Tests/passvault Tests-Info.plist";
				PRODUCT_NAME = "$(TARGET_NAME)";
				TEST_HOST = "$(BUNDLE_LOADER)";
				WRAPPER_EXTENSION = xctest;
			};
			name = Release;
		};
		287D096E18C9FC3100C1CB23 /* Debug */ = {
			isa = XCBuildConfiguration;
			buildSettings = {
				ARCHS = "$(ARCHS_STANDARD_INCLUDING_64_BIT)";
				BUNDLE_LOADER = "$(BUILT_PRODUCTS_DIR)/passvault.app/passvault";
				FRAMEWORK_SEARCH_PATHS = (
					"$(SDKROOT)/Developer/Library/Frameworks",
					"$(inherited)",
					"$(DEVELOPER_FRAMEWORKS_DIR)",
				);
				GCC_PRECOMPILE_PREFIX_HEADER = YES;
				GCC_PREFIX_HEADER = "passvault Tests/passvault Tests-Prefix.pch";
				GCC_PREPROCESSOR_DEFINITIONS = (
					"DEBUG=1",
					"$(inherited)",
				);
				INFOPLIST_FILE = "passvault Tests/passvault Tests-Info.plist";
				PRODUCT_NAME = "$(TARGET_NAME)";
				TEST_HOST = "$(BUNDLE_LOADER)";
				WRAPPER_EXTENSION = xctest;
			};
			name = Debug;
		};
		338910FDBBB1EF3180AFD9E1 /* Debug */ = {
			isa = XCBuildConfiguration;
			buildSettings = {
				ASSETCATALOG_COMPILER_APPICON_NAME = AppIcon;
				ASSETCATALOG_COMPILER_LAUNCHIMAGE_NAME = LaunchImage;
				GCC_PRECOMPILE_PREFIX_HEADER = YES;
				GCC_PREFIX_HEADER = "passvault/passvault-Prefix.pch";
				INFOPLIST_FILE = "passvault/passvault-Info.plist";
				PRODUCT_NAME = "$(TARGET_NAME)";
				WRAPPER_EXTENSION = app;
			};
			name = Debug;
		};
		338911B89869540E165AC6A2 /* Release */ = {
			isa = XCBuildConfiguration;
			buildSettings = {
				ALWAYS_SEARCH_USER_PATHS = NO;
				ARCHS = "$(ARCHS_STANDARD_INCLUDING_64_BIT)";
				CLANG_CXX_LANGUAGE_STANDARD = "gnu++0x";
				CLANG_CXX_LIBRARY = "libc++";
				CLANG_ENABLE_MODULES = YES;
				CLANG_ENABLE_OBJC_ARC = YES;
				CLANG_WARN_BOOL_CONVERSION = YES;
				CLANG_WARN_CONSTANT_CONVERSION = YES;
				CLANG_WARN_DIRECT_OBJC_ISA_USAGE = YES_ERROR;
				CLANG_WARN_EMPTY_BODY = YES;
				CLANG_WARN_ENUM_CONVERSION = YES;
				CLANG_WARN_INT_CONVERSION = YES;
				CLANG_WARN_OBJC_ROOT_CLASS = YES_ERROR;
				CLANG_WARN__DUPLICATE_METHOD_MATCH = YES;
				"CODE_SIGN_IDENTITY[sdk=iphoneos*]" = "iPhone Developer";
				COPY_PHASE_STRIP = YES;
				ENABLE_NS_ASSERTIONS = NO;
				GCC_C_LANGUAGE_STANDARD = gnu99;
				GCC_WARN_64_TO_32_BIT_CONVERSION = YES;
				GCC_WARN_ABOUT_RETURN_TYPE = YES_ERROR;
				GCC_WARN_UNDECLARED_SELECTOR = YES;
				GCC_WARN_UNINITIALIZED_AUTOS = YES;
				GCC_WARN_UNUSED_FUNCTION = YES;
				GCC_WARN_UNUSED_VARIABLE = YES;
				IPHONEOS_DEPLOYMENT_TARGET = 7.0;
				SDKROOT = iphoneos;
				VALIDATE_PRODUCT = YES;
			};
			name = Release;
		};
		33891885AB9FD714AF63CE2D /* Release */ = {
			isa = XCBuildConfiguration;
			buildSettings = {
				FRAMEWORK_SEARCH_PATHS = (
					"$(SDKROOT)/Developer/Library/Frameworks",
					"$(inherited)",
				);
				GCC_PRECOMPILE_PREFIX_HEADER = YES;
				GCC_PREFIX_HEADER = "passvault/passvault-Prefix.pch";
				INFOPLIST_FILE = "passvaultTests/passvaultTests-Info.plist";
				PRODUCT_NAME = "$(TARGET_NAME)";
				WRAPPER_EXTENSION = xctest;
			};
			name = Release;
		};
		338919856C5DED10009AAF05 /* Release */ = {
			isa = XCBuildConfiguration;
			buildSettings = {
				ASSETCATALOG_COMPILER_APPICON_NAME = AppIcon;
				ASSETCATALOG_COMPILER_LAUNCHIMAGE_NAME = LaunchImage;
				GCC_PRECOMPILE_PREFIX_HEADER = YES;
				GCC_PREFIX_HEADER = "passvault/passvault-Prefix.pch";
				INFOPLIST_FILE = "passvault/passvault-Info.plist";
				PRODUCT_NAME = "$(TARGET_NAME)";
				WRAPPER_EXTENSION = app;
			};
			name = Release;
		};
		3389198D9F8BB0AF71CA40DA /* Debug */ = {
			isa = XCBuildConfiguration;
			buildSettings = {
				FRAMEWORK_SEARCH_PATHS = (
					"$(SDKROOT)/Developer/Library/Frameworks",
					"$(inherited)",
				);
				GCC_PRECOMPILE_PREFIX_HEADER = YES;
				GCC_PREFIX_HEADER = "passvault/passvault-Prefix.pch";
				INFOPLIST_FILE = "passvaultTests/passvaultTests-Info.plist";
				PRODUCT_NAME = "$(TARGET_NAME)";
				WRAPPER_EXTENSION = xctest;
			};
			name = Debug;
		};
		33891F528CA1BF0E11B77371 /* Debug */ = {
			isa = XCBuildConfiguration;
			buildSettings = {
				ALWAYS_SEARCH_USER_PATHS = NO;
				ARCHS = "$(ARCHS_STANDARD_INCLUDING_64_BIT)";
				CLANG_CXX_LANGUAGE_STANDARD = "gnu++0x";
				CLANG_CXX_LIBRARY = "libc++";
				CLANG_ENABLE_MODULES = YES;
				CLANG_ENABLE_OBJC_ARC = YES;
				CLANG_WARN_BOOL_CONVERSION = YES;
				CLANG_WARN_CONSTANT_CONVERSION = YES;
				CLANG_WARN_DIRECT_OBJC_ISA_USAGE = YES_ERROR;
				CLANG_WARN_EMPTY_BODY = YES;
				CLANG_WARN_ENUM_CONVERSION = YES;
				CLANG_WARN_INT_CONVERSION = YES;
				CLANG_WARN_OBJC_ROOT_CLASS = YES_ERROR;
				CLANG_WARN__DUPLICATE_METHOD_MATCH = YES;
				"CODE_SIGN_IDENTITY[sdk=iphoneos*]" = "iPhone Developer";
				COPY_PHASE_STRIP = NO;
				GCC_C_LANGUAGE_STANDARD = gnu99;
				GCC_DYNAMIC_NO_PIC = NO;
				GCC_OPTIMIZATION_LEVEL = 0;
				GCC_PREPROCESSOR_DEFINITIONS = (
					"DEBUG=1",
					"$(inherited)",
				);
				GCC_SYMBOLS_PRIVATE_EXTERN = NO;
				GCC_WARN_64_TO_32_BIT_CONVERSION = YES;
				GCC_WARN_ABOUT_RETURN_TYPE = YES_ERROR;
				GCC_WARN_UNDECLARED_SELECTOR = YES;
				GCC_WARN_UNINITIALIZED_AUTOS = YES;
				GCC_WARN_UNUSED_FUNCTION = YES;
				GCC_WARN_UNUSED_VARIABLE = YES;
				IPHONEOS_DEPLOYMENT_TARGET = 7.0;
				ONLY_ACTIVE_ARCH = YES;
				SDKROOT = iphoneos;
			};
			name = Debug;
		};
/* End XCBuildConfiguration section */

/* Begin XCConfigurationList section */
		287D096F18C9FC3100C1CB23 /* Build configuration list for PBXNativeTarget "passvault Tests" */ = {
			isa = XCConfigurationList;
			buildConfigurations = (
				287D096D18C9FC3100C1CB23 /* Release */,
				287D096E18C9FC3100C1CB23 /* Debug */,
			);
			defaultConfigurationIsVisible = 0;
			defaultConfigurationName = Release;
		};
		338912C2449029075AA53B2C /* Build configuration list for PBXNativeTarget "passvaultTests" */ = {
			isa = XCConfigurationList;
			buildConfigurations = (
				33891885AB9FD714AF63CE2D /* Release */,
				3389198D9F8BB0AF71CA40DA /* Debug */,
			);
			defaultConfigurationIsVisible = 0;
			defaultConfigurationName = Release;
		};
		33891DBA015C49995DBCE8B9 /* Build configuration list for PBXNativeTarget "passvault" */ = {
			isa = XCConfigurationList;
			buildConfigurations = (
				338919856C5DED10009AAF05 /* Release */,
				338910FDBBB1EF3180AFD9E1 /* Debug */,
			);
			defaultConfigurationIsVisible = 0;
			defaultConfigurationName = Release;
		};
		33891DBBB616B0C3961453A4 /* Build configuration list for PBXProject "passvault" */ = {
			isa = XCConfigurationList;
			buildConfigurations = (
				338911B89869540E165AC6A2 /* Release */,
				33891F528CA1BF0E11B77371 /* Debug */,
			);
			defaultConfigurationIsVisible = 0;
			defaultConfigurationName = Release;
		};
/* End XCConfigurationList section */
	};
	rootObject = 3389134A3D30B3BCD8664A7E /* Project object */;
}
